
Microsoft Visual Studio Solution File, Format Version 12.00
# Visual Studio Version 17
VisualStudioVersion = 17.4.33103.184
MinimumVisualStudioVersion = 10.0.40219.1
Project("{9A19103F-16F7-4668-BE54-9A1E7A4F7556}") = "CsDesktop", "CsDesktop\CsDesktop.csproj", "{178F4DB5-8A27-4670-8310-1BF125F60653}"
	ProjectSection(ProjectDependencies) = postProject
		{631017EA-F7F2-4938-A224-AB213D43C008} = {631017EA-F7F2-4938-A224-AB213D43C008}
	EndProjectSection
EndProject
Project("{9A19103F-16F7-4668-BE54-9A1E7A4F7556}") = "DesktopIconsManipulator", "DesktopIconsManipulator\DesktopIconsManipulator.csproj", "{27026A86-5F82-4A01-8363-874565A8016C}"
EndProject
Project("{8BC9CEB8-8B4A-11D0-8D11-00A0C91BC942}") = "DesktopIconsDynamicLib", "DesktopIconsDynamicLib\DesktopIconsDynamicLib.vcxproj", "{631017EA-F7F2-4938-A224-AB213D43C008}"
EndProject
Global
	GlobalSection(SolutionConfigurationPlatforms) = preSolution
		Debug|Any CPU = Debug|Any CPU
		Debug|x64 = Debug|x64
		Debug|x86 = Debug|x86
		Release|Any CPU = Release|Any CPU
		Release|x64 = Release|x64
		Release|x86 = Release|x86
	EndGlobalSection
	GlobalSection(ProjectConfigurationPlatforms) = postSolution
		{178F4DB5-8A27-4670-8310-1BF125F60653}.Debug|Any CPU.ActiveCfg = Debug|Any CPU
		{178F4DB5-8A27-4670-8310-1BF125F60653}.Debug|Any CPU.Build.0 = Debug|Any CPU
		{178F4DB5-8A27-4670-8310-1BF125F60653}.Debug|x64.ActiveCfg = Debug|Any CPU
		{178F4DB5-8A27-4670-8310-1BF125F60653}.Debug|x64.Build.0 = Debug|Any CPU
		{178F4DB5-8A27-4670-8310-1BF125F60653}.Debug|x86.ActiveCfg = Debug|Any CPU
		{178F4DB5-8A27-4670-8310-1BF125F60653}.Debug|x86.Build.0 = Debug|Any CPU
		{178F4DB5-8A27-4670-8310-1BF125F60653}.Release|Any CPU.ActiveCfg = Release|Any CPU
		{178F4DB5-8A27-4670-8310-1BF125F60653}.Release|Any CPU.Build.0 = Release|Any CPU
		{178F4DB5-8A27-4670-8310-1BF125F60653}.Release|x64.ActiveCfg = Release|Any CPU
		{178F4DB5-8A27-4670-8310-1BF125F60653}.Release|x64.Build.0 = Release|Any CPU
		{178F4DB5-8A27-4670-8310-1BF125F60653}.Release|x86.ActiveCfg = Release|Any CPU
		{178F4DB5-8A27-4670-8310-1BF125F60653}.Release|x86.Build.0 = Release|Any CPU
		{27026A86-5F82-4A01-8363-874565A8016C}.Debug|Any CPU.ActiveCfg = Debug|Any CPU
		{27026A86-5F82-4A01-8363-874565A8016C}.Debug|Any CPU.Build.0 = Debug|Any CPU
		{27026A86-5F82-4A01-8363-874565A8016C}.Debug|x64.ActiveCfg = Debug|Any CPU
		{27026A86-5F82-4A01-8363-874565A8016C}.Debug|x64.Build.0 = Debug|Any CPU
		{27026A86-5F82-4A01-8363-874565A8016C}.Debug|x86.ActiveCfg = Debug|Any CPU
		{27026A86-5F82-4A01-8363-874565A8016C}.Debug|x86.Build.0 = Debug|Any CPU
		{27026A86-5F82-4A01-8363-874565A8016C}.Release|Any CPU.ActiveCfg = Release|Any CPU
		{27026A86-5F82-4A01-8363-874565A8016C}.Release|Any CPU.Build.0 = Release|Any CPU
		{27026A86-5F82-4A01-8363-874565A8016C}.Release|x64.ActiveCfg = Release|Any CPU
		{27026A86-5F82-4A01-8363-874565A8016C}.Release|x64.Build.0 = Release|Any CPU
		{27026A86-5F82-4A01-8363-874565A8016C}.Release|x86.ActiveCfg = Release|Any CPU
		{27026A86-5F82-4A01-8363-874565A8016C}.Release|x86.Build.0 = Release|Any CPU
		{631017EA-F7F2-4938-A224-AB213D43C008}.Debug|Any CPU.ActiveCfg = Debug|x64
		{631017EA-F7F2-4938-A224-AB213D43C008}.Debug|Any CPU.Build.0 = Debug|x64
		{631017EA-F7F2-4938-A224-AB213D43C008}.Debug|x64.ActiveCfg = Debug|x64
		{631017EA-F7F2-4938-A224-AB213D43C008}.Debug|x64.Build.0 = Debug|x64
		{631017EA-F7F2-4938-A224-AB213D43C008}.Debug|x86.ActiveCfg = Debug|Win32
		{631017EA-F7F2-4938-A224-AB213D43C008}.Debug|x86.Build.0 = Debug|Win32
		{631017EA-F7F2-4938-A224-AB213D43C008}.Release|Any CPU.ActiveCfg = Release|x64
		{631017EA-F7F2-4938-A224-AB213D43C008}.Release|Any CPU.Build.0 = Release|x64
		{631017EA-F7F2-4938-A224-AB213D43C008}.Release|x64.ActiveCfg = Release|x64
		{631017EA-F7F2-4938-A224-AB213D43C008}.Release|x64.Build.0 = Release|x64
		{631017EA-F7F2-4938-A224-AB213D43C008}.Release|x86.ActiveCfg = Release|Win32
		{631017EA-F7F2-4938-A224-AB213D43C008}.Release|x86.Build.0 = Release|Win32
	EndGlobalSection
	GlobalSection(SolutionProperties) = preSolution
		HideSolutionNode = FALSE
	EndGlobalSection
	GlobalSection(ExtensibilityGlobals) = postSolution
		SolutionGuid = {EA2F88B4-0E5F-45D5-BEF8-8E45B266D0DA}
	EndGlobalSection
EndGlobal
